// !$*UTF8*$!
{
	archiveVersion = 1;
	classes = {
	};
	objectVersion = 51;
	objects = {

/* Begin PBXBuildFile section */
		292E1E082648D3380005C366 /* AppDelegate.m in Sources */ = {isa = PBXBuildFile; fileRef = 292E1E072648D3380005C366 /* AppDelegate.m */; };
		292E1E0B2648D3380005C366 /* SceneDelegate.m in Sources */ = {isa = PBXBuildFile; fileRef = 292E1E0A2648D3380005C366 /* SceneDelegate.m */; };
		292E1E132648D3390005C366 /* Assets.xcassets in Resources */ = {isa = PBXBuildFile; fileRef = 292E1E122648D3390005C366 /* Assets.xcassets */; };
		292E1E162648D3390005C366 /* LaunchScreen.storyboard in Resources */ = {isa = PBXBuildFile; fileRef = 292E1E142648D3390005C366 /* LaunchScreen.storyboard */; };
		292E1E192648D3390005C366 /* main.m in Sources */ = {isa = PBXBuildFile; fileRef = 292E1E182648D3390005C366 /* main.m */; };
		295D2EEB264A66C2002FB344 /* ZTNetworking.m in Sources */ = {isa = PBXBuildFile; fileRef = 295D2EEA264A66C2002FB344 /* ZTNetworking.m */; };
		295D2EEE264A6911002FB344 /* ZTUtil.m in Sources */ = {isa = PBXBuildFile; fileRef = 295D2EED264A6911002FB344 /* ZTUtil.m */; };
		295D2EF1264A69C7002FB344 /* ZTUserTool.m in Sources */ = {isa = PBXBuildFile; fileRef = 295D2EF0264A69C7002FB344 /* ZTUserTool.m */; };
		295D2EF4264A74F0002FB344 /* MBProgressHUD+GTStyle.m in Sources */ = {isa = PBXBuildFile; fileRef = 295D2EF3264A74F0002FB344 /* MBProgressHUD+GTStyle.m */; };
		295D2F01264A7795002FB344 /* PresentingPushAnimator.m in Sources */ = {isa = PBXBuildFile; fileRef = 295D2EF9264A7794002FB344 /* PresentingPushAnimator.m */; };
		295D2F02264A7795002FB344 /* ToPresentingViewController.m in Sources */ = {isa = PBXBuildFile; fileRef = 295D2EFB264A7794002FB344 /* ToPresentingViewController.m */; };
		295D2F03264A7795002FB344 /* CenterAlertViewController.m in Sources */ = {isa = PBXBuildFile; fileRef = 295D2EFD264A7794002FB344 /* CenterAlertViewController.m */; };
		295D2F04264A7795002FB344 /* BottomAlertViewController.m in Sources */ = {isa = PBXBuildFile; fileRef = 295D2EFE264A7795002FB344 /* BottomAlertViewController.m */; };
		295D2F0B264A7868002FB344 /* BaseNavViewController.m in Sources */ = {isa = PBXBuildFile; fileRef = 295D2F06264A7868002FB344 /* BaseNavViewController.m */; };
		295D2F0C264A7869002FB344 /* BaseCollectionViewCell.m in Sources */ = {isa = PBXBuildFile; fileRef = 295D2F08264A7868002FB344 /* BaseCollectionViewCell.m */; };
		295D2F0D264A7869002FB344 /* BaseCollectionReusableView.m in Sources */ = {isa = PBXBuildFile; fileRef = 295D2F0A264A7868002FB344 /* BaseCollectionReusableView.m */; };
		295D2F14264A787A002FB344 /* BaseTableViewCell.m in Sources */ = {isa = PBXBuildFile; fileRef = 295D2F0E264A7879002FB344 /* BaseTableViewCell.m */; };
		295D2F15264A787A002FB344 /* BaseViewController.m in Sources */ = {isa = PBXBuildFile; fileRef = 295D2F0F264A7879002FB344 /* BaseViewController.m */; };
		295D2F19264A7889002FB344 /* MainTabBarController.m in Sources */ = {isa = PBXBuildFile; fileRef = 295D2F18264A7889002FB344 /* MainTabBarController.m */; };
		295D2F22264A7A8E002FB344 /* UIButton+EdgeInsets.m in Sources */ = {isa = PBXBuildFile; fileRef = 295D2F21264A7A8E002FB344 /* UIButton+EdgeInsets.m */; };
		295D2F25264A7BC7002FB344 /* HomeViewController.m in Sources */ = {isa = PBXBuildFile; fileRef = 295D2F24264A7BC7002FB344 /* HomeViewController.m */; };
		295D2F28264A7BD9002FB344 /* MyViewController.m in Sources */ = {isa = PBXBuildFile; fileRef = 295D2F27264A7BD9002FB344 /* MyViewController.m */; };
		295D2F2B264A7C38002FB344 /* UIView+ZTCAAnimation.m in Sources */ = {isa = PBXBuildFile; fileRef = 295D2F29264A7C38002FB344 /* UIView+ZTCAAnimation.m */; };
		295D2F30264A7CBF002FB344 /* DiscoverViewController.m in Sources */ = {isa = PBXBuildFile; fileRef = 295D2F2F264A7CBF002FB344 /* DiscoverViewController.m */; };
		295D2F33264A7D9A002FB344 /* UIColor+RP.m in Sources */ = {isa = PBXBuildFile; fileRef = 295D2F31264A7D99002FB344 /* UIColor+RP.m */; };
		295D2F36264A7DFB002FB344 /* UIImage+ImageWithColor.m in Sources */ = {isa = PBXBuildFile; fileRef = 295D2F34264A7DFB002FB344 /* UIImage+ImageWithColor.m */; };
		4D9EF556F42D9517BADB3526 /* libPods-auson.a in Frameworks */ = {isa = PBXBuildFile; fileRef = C8466C74F84F2BC38E985649 /* libPods-auson.a */; };
/* End PBXBuildFile section */

/* Begin PBXFileReference section */
		2909CAF1264A5FB70015F886 /* ApiDefinition.h */ = {isa = PBXFileReference; lastKnownFileType = sourcecode.c.h; path = ApiDefinition.h; sourceTree = "<group>"; };
		2909CAF2264A5FDE0015F886 /* CommonConfig.h */ = {isa = PBXFileReference; lastKnownFileType = sourcecode.c.h; path = CommonConfig.h; sourceTree = "<group>"; };
		292E1E032648D3380005C366 /* auson.app */ = {isa = PBXFileReference; explicitFileType = wrapper.application; includeInIndex = 0; path = auson.app; sourceTree = BUILT_PRODUCTS_DIR; };
		292E1E062648D3380005C366 /* AppDelegate.h */ = {isa = PBXFileReference; lastKnownFileType = sourcecode.c.h; path = AppDelegate.h; sourceTree = "<group>"; };
		292E1E072648D3380005C366 /* AppDelegate.m */ = {isa = PBXFileReference; lastKnownFileType = sourcecode.c.objc; path = AppDelegate.m; sourceTree = "<group>"; };
		292E1E092648D3380005C366 /* SceneDelegate.h */ = {isa = PBXFileReference; lastKnownFileType = sourcecode.c.h; path = SceneDelegate.h; sourceTree = "<group>"; };
		292E1E0A2648D3380005C366 /* SceneDelegate.m */ = {isa = PBXFileReference; lastKnownFileType = sourcecode.c.objc; path = SceneDelegate.m; sourceTree = "<group>"; };
		292E1E122648D3390005C366 /* Assets.xcassets */ = {isa = PBXFileReference; lastKnownFileType = folder.assetcatalog; path = Assets.xcassets; sourceTree = "<group>"; };
		292E1E152648D3390005C366 /* Base */ = {isa = PBXFileReference; lastKnownFileType = file.storyboard; name = Base; path = Base.lproj/LaunchScreen.storyboard; sourceTree = "<group>"; };
		292E1E172648D3390005C366 /* Info.plist */ = {isa = PBXFileReference; lastKnownFileType = text.plist.xml; path = Info.plist; sourceTree = "<group>"; };
		292E1E182648D3390005C366 /* main.m */ = {isa = PBXFileReference; lastKnownFileType = sourcecode.c.objc; path = main.m; sourceTree = "<group>"; };
		2956F552264A5DA50045543A /* auson-Prefix.pch */ = {isa = PBXFileReference; lastKnownFileType = sourcecode.c.h; path = "auson-Prefix.pch"; sourceTree = "<group>"; };
		295D2EE9264A66C2002FB344 /* ZTNetworking.h */ = {isa = PBXFileReference; lastKnownFileType = sourcecode.c.h; path = ZTNetworking.h; sourceTree = "<group>"; };
		295D2EEA264A66C2002FB344 /* ZTNetworking.m */ = {isa = PBXFileReference; lastKnownFileType = sourcecode.c.objc; path = ZTNetworking.m; sourceTree = "<group>"; };
		295D2EEC264A6911002FB344 /* ZTUtil.h */ = {isa = PBXFileReference; lastKnownFileType = sourcecode.c.h; path = ZTUtil.h; sourceTree = "<group>"; };
		295D2EED264A6911002FB344 /* ZTUtil.m */ = {isa = PBXFileReference; lastKnownFileType = sourcecode.c.objc; path = ZTUtil.m; sourceTree = "<group>"; };
		295D2EEF264A69C7002FB344 /* ZTUserTool.h */ = {isa = PBXFileReference; lastKnownFileType = sourcecode.c.h; path = ZTUserTool.h; sourceTree = "<group>"; };
		295D2EF0264A69C7002FB344 /* ZTUserTool.m */ = {isa = PBXFileReference; lastKnownFileType = sourcecode.c.objc; path = ZTUserTool.m; sourceTree = "<group>"; };
		295D2EF2264A74F0002FB344 /* MBProgressHUD+GTStyle.h */ = {isa = PBXFileReference; fileEncoding = 4; lastKnownFileType = sourcecode.c.h; path = "MBProgressHUD+GTStyle.h"; sourceTree = "<group>"; };
		295D2EF3264A74F0002FB344 /* MBProgressHUD+GTStyle.m */ = {isa = PBXFileReference; fileEncoding = 4; lastKnownFileType = sourcecode.c.objc; path = "MBProgressHUD+GTStyle.m"; sourceTree = "<group>"; };
		295D2EF9264A7794002FB344 /* PresentingPushAnimator.m */ = {isa = PBXFileReference; fileEncoding = 4; lastKnownFileType = sourcecode.c.objc; path = PresentingPushAnimator.m; sourceTree = "<group>"; };
		295D2EFA264A7794002FB344 /* ToPresentingViewController.h */ = {isa = PBXFileReference; fileEncoding = 4; lastKnownFileType = sourcecode.c.h; path = ToPresentingViewController.h; sourceTree = "<group>"; };
		295D2EFB264A7794002FB344 /* ToPresentingViewController.m */ = {isa = PBXFileReference; fileEncoding = 4; lastKnownFileType = sourcecode.c.objc; path = ToPresentingViewController.m; sourceTree = "<group>"; };
		295D2EFC264A7794002FB344 /* CenterAlertViewController.h */ = {isa = PBXFileReference; fileEncoding = 4; lastKnownFileType = sourcecode.c.h; path = CenterAlertViewController.h; sourceTree = "<group>"; };
		295D2EFD264A7794002FB344 /* CenterAlertViewController.m */ = {isa = PBXFileReference; fileEncoding = 4; lastKnownFileType = sourcecode.c.objc; path = CenterAlertViewController.m; sourceTree = "<group>"; };
		295D2EFE264A7795002FB344 /* BottomAlertViewController.m */ = {isa = PBXFileReference; fileEncoding = 4; lastKnownFileType = sourcecode.c.objc; path = BottomAlertViewController.m; sourceTree = "<group>"; };
		295D2EFF264A7795002FB344 /* PresentingPushAnimator.h */ = {isa = PBXFileReference; fileEncoding = 4; lastKnownFileType = sourcecode.c.h; path = PresentingPushAnimator.h; sourceTree = "<group>"; };
		295D2F00264A7795002FB344 /* BottomAlertViewController.h */ = {isa = PBXFileReference; fileEncoding = 4; lastKnownFileType = sourcecode.c.h; path = BottomAlertViewController.h; sourceTree = "<group>"; };
		295D2F05264A7868002FB344 /* BaseNavViewController.h */ = {isa = PBXFileReference; fileEncoding = 4; lastKnownFileType = sourcecode.c.h; path = BaseNavViewController.h; sourceTree = "<group>"; };
		295D2F06264A7868002FB344 /* BaseNavViewController.m */ = {isa = PBXFileReference; fileEncoding = 4; lastKnownFileType = sourcecode.c.objc; path = BaseNavViewController.m; sourceTree = "<group>"; };
		295D2F07264A7868002FB344 /* BaseCollectionReusableView.h */ = {isa = PBXFileReference; fileEncoding = 4; lastKnownFileType = sourcecode.c.h; path = BaseCollectionReusableView.h; sourceTree = "<group>"; };
		295D2F08264A7868002FB344 /* BaseCollectionViewCell.m */ = {isa = PBXFileReference; fileEncoding = 4; lastKnownFileType = sourcecode.c.objc; path = BaseCollectionViewCell.m; sourceTree = "<group>"; };
		295D2F09264A7868002FB344 /* BaseCollectionViewCell.h */ = {isa = PBXFileReference; fileEncoding = 4; lastKnownFileType = sourcecode.c.h; path = BaseCollectionViewCell.h; sourceTree = "<group>"; };
		295D2F0A264A7868002FB344 /* BaseCollectionReusableView.m */ = {isa = PBXFileReference; fileEncoding = 4; lastKnownFileType = sourcecode.c.objc; path = BaseCollectionReusableView.m; sourceTree = "<group>"; };
		295D2F0E264A7879002FB344 /* BaseTableViewCell.m */ = {isa = PBXFileReference; fileEncoding = 4; lastKnownFileType = sourcecode.c.objc; path = BaseTableViewCell.m; sourceTree = "<group>"; };
		295D2F0F264A7879002FB344 /* BaseViewController.m */ = {isa = PBXFileReference; fileEncoding = 4; lastKnownFileType = sourcecode.c.objc; path = BaseViewController.m; sourceTree = "<group>"; };
		295D2F10264A7879002FB344 /* BaseViewController.h */ = {isa = PBXFileReference; fileEncoding = 4; lastKnownFileType = sourcecode.c.h; path = BaseViewController.h; sourceTree = "<group>"; };
		295D2F12264A7879002FB344 /* BaseTableViewCell.h */ = {isa = PBXFileReference; fileEncoding = 4; lastKnownFileType = sourcecode.c.h; path = BaseTableViewCell.h; sourceTree = "<group>"; };
		295D2F17264A7889002FB344 /* MainTabBarController.h */ = {isa = PBXFileReference; fileEncoding = 4; lastKnownFileType = sourcecode.c.h; path = MainTabBarController.h; sourceTree = "<group>"; };
		295D2F18264A7889002FB344 /* MainTabBarController.m */ = {isa = PBXFileReference; fileEncoding = 4; lastKnownFileType = sourcecode.c.objc; path = MainTabBarController.m; sourceTree = "<group>"; };
		295D2F20264A7A8E002FB344 /* UIButton+EdgeInsets.h */ = {isa = PBXFileReference; fileEncoding = 4; lastKnownFileType = sourcecode.c.h; path = "UIButton+EdgeInsets.h"; sourceTree = "<group>"; };
		295D2F21264A7A8E002FB344 /* UIButton+EdgeInsets.m */ = {isa = PBXFileReference; fileEncoding = 4; lastKnownFileType = sourcecode.c.objc; path = "UIButton+EdgeInsets.m"; sourceTree = "<group>"; };
		295D2F23264A7BC7002FB344 /* HomeViewController.h */ = {isa = PBXFileReference; lastKnownFileType = sourcecode.c.h; path = HomeViewController.h; sourceTree = "<group>"; };
		295D2F24264A7BC7002FB344 /* HomeViewController.m */ = {isa = PBXFileReference; lastKnownFileType = sourcecode.c.objc; path = HomeViewController.m; sourceTree = "<group>"; };
		295D2F26264A7BD9002FB344 /* MyViewController.h */ = {isa = PBXFileReference; lastKnownFileType = sourcecode.c.h; path = MyViewController.h; sourceTree = "<group>"; };
		295D2F27264A7BD9002FB344 /* MyViewController.m */ = {isa = PBXFileReference; lastKnownFileType = sourcecode.c.objc; path = MyViewController.m; sourceTree = "<group>"; };
		295D2F29264A7C38002FB344 /* UIView+ZTCAAnimation.m */ = {isa = PBXFileReference; fileEncoding = 4; lastKnownFileType = sourcecode.c.objc; path = "UIView+ZTCAAnimation.m"; sourceTree = "<group>"; };
		295D2F2A264A7C38002FB344 /* UIView+ZTCAAnimation.h */ = {isa = PBXFileReference; fileEncoding = 4; lastKnownFileType = sourcecode.c.h; path = "UIView+ZTCAAnimation.h"; sourceTree = "<group>"; };
		295D2F2E264A7CBF002FB344 /* DiscoverViewController.h */ = {isa = PBXFileReference; lastKnownFileType = sourcecode.c.h; path = DiscoverViewController.h; sourceTree = "<group>"; };
		295D2F2F264A7CBF002FB344 /* DiscoverViewController.m */ = {isa = PBXFileReference; lastKnownFileType = sourcecode.c.objc; path = DiscoverViewController.m; sourceTree = "<group>"; };
		295D2F31264A7D99002FB344 /* UIColor+RP.m */ = {isa = PBXFileReference; fileEncoding = 4; lastKnownFileType = sourcecode.c.objc; path = "UIColor+RP.m"; sourceTree = "<group>"; };
		295D2F32264A7D99002FB344 /* UIColor+RP.h */ = {isa = PBXFileReference; fileEncoding = 4; lastKnownFileType = sourcecode.c.h; path = "UIColor+RP.h"; sourceTree = "<group>"; };
		295D2F34264A7DFB002FB344 /* UIImage+ImageWithColor.m */ = {isa = PBXFileReference; fileEncoding = 4; lastKnownFileType = sourcecode.c.objc; path = "UIImage+ImageWithColor.m"; sourceTree = "<group>"; };
		295D2F35264A7DFB002FB344 /* UIImage+ImageWithColor.h */ = {isa = PBXFileReference; fileEncoding = 4; lastKnownFileType = sourcecode.c.h; path = "UIImage+ImageWithColor.h"; sourceTree = "<group>"; };
		862031BAB2F728EF6AF54099 /* Pods-auson.debug.xcconfig */ = {isa = PBXFileReference; includeInIndex = 1; lastKnownFileType = text.xcconfig; name = "Pods-auson.debug.xcconfig"; path = "Target Support Files/Pods-auson/Pods-auson.debug.xcconfig"; sourceTree = "<group>"; };
		C8466C74F84F2BC38E985649 /* libPods-auson.a */ = {isa = PBXFileReference; explicitFileType = archive.ar; includeInIndex = 0; path = "libPods-auson.a"; sourceTree = BUILT_PRODUCTS_DIR; };
		EEE3E6F16D1FFE40D5C43273 /* Pods-auson.release.xcconfig */ = {isa = PBXFileReference; includeInIndex = 1; lastKnownFileType = text.xcconfig; name = "Pods-auson.release.xcconfig"; path = "Target Support Files/Pods-auson/Pods-auson.release.xcconfig"; sourceTree = "<group>"; };
/* End PBXFileReference section */

/* Begin PBXFrameworksBuildPhase section */
		292E1E002648D3380005C366 /* Frameworks */ = {
			isa = PBXFrameworksBuildPhase;
			buildActionMask = 2147483647;
			files = (
				4D9EF556F42D9517BADB3526 /* libPods-auson.a in Frameworks */,
			);
			runOnlyForDeploymentPostprocessing = 0;
		};
/* End PBXFrameworksBuildPhase section */

/* Begin PBXGroup section */
		292E1DFA2648D3380005C366 = {
			isa = PBXGroup;
			children = (
				292E1E052648D3380005C366 /* auson */,
				292E1E042648D3380005C366 /* Products */,
				D610A10D083BB79D82687FE7 /* Pods */,
				F239994017D603845BE40757 /* Frameworks */,
			);
			sourceTree = "<group>";
		};
		292E1E042648D3380005C366 /* Products */ = {
			isa = PBXGroup;
			children = (
				292E1E032648D3380005C366 /* auson.app */,
			);
			name = Products;
			sourceTree = "<group>";
		};
		292E1E052648D3380005C366 /* auson */ = {
			isa = PBXGroup;
			children = (
				295D2F1A264A78BB002FB344 /* Controller */,
				295D2EF5264A7733002FB344 /* Components */,
				295D2EE7264A661B002FB344 /* Base */,
				292E1E062648D3380005C366 /* AppDelegate.h */,
				292E1E072648D3380005C366 /* AppDelegate.m */,
				292E1E092648D3380005C366 /* SceneDelegate.h */,
				292E1E0A2648D3380005C366 /* SceneDelegate.m */,
				292E1E122648D3390005C366 /* Assets.xcassets */,
				292E1E142648D3390005C366 /* LaunchScreen.storyboard */,
				292E1E172648D3390005C366 /* Info.plist */,
				292E1E182648D3390005C366 /* main.m */,
				2956F552264A5DA50045543A /* auson-Prefix.pch */,
				2909CAF2264A5FDE0015F886 /* CommonConfig.h */,
				2909CAF1264A5FB70015F886 /* ApiDefinition.h */,
			);
			path = auson;
			sourceTree = "<group>";
		};
		295D2EE7264A661B002FB344 /* Base */ = {
			isa = PBXGroup;
			children = (
				295D2F09264A7868002FB344 /* BaseCollectionViewCell.h */,
				295D2F08264A7868002FB344 /* BaseCollectionViewCell.m */,
				295D2F07264A7868002FB344 /* BaseCollectionReusableView.h */,
				295D2F0A264A7868002FB344 /* BaseCollectionReusableView.m */,
				295D2F12264A7879002FB344 /* BaseTableViewCell.h */,
				295D2F0E264A7879002FB344 /* BaseTableViewCell.m */,
				295D2F10264A7879002FB344 /* BaseViewController.h */,
				295D2F0F264A7879002FB344 /* BaseViewController.m */,
				295D2F05264A7868002FB344 /* BaseNavViewController.h */,
				295D2F06264A7868002FB344 /* BaseNavViewController.m */,
				295D2F17264A7889002FB344 /* MainTabBarController.h */,
				295D2F18264A7889002FB344 /* MainTabBarController.m */,
				295D2EE9264A66C2002FB344 /* ZTNetworking.h */,
				295D2EEA264A66C2002FB344 /* ZTNetworking.m */,
				295D2EEC264A6911002FB344 /* ZTUtil.h */,
				295D2EED264A6911002FB344 /* ZTUtil.m */,
				295D2EEF264A69C7002FB344 /* ZTUserTool.h */,
				295D2EF0264A69C7002FB344 /* ZTUserTool.m */,
				295D2EF2264A74F0002FB344 /* MBProgressHUD+GTStyle.h */,
				295D2EF3264A74F0002FB344 /* MBProgressHUD+GTStyle.m */,
			);
			path = Base;
			sourceTree = "<group>";
		};
		295D2EF5264A7733002FB344 /* Components */ = {
			isa = PBXGroup;
			children = (
				295D2F1F264A7A7A002FB344 /* Category */,
				295D2EF8264A7787002FB344 /* Animator */,
			);
			path = Components;
			sourceTree = "<group>";
		};
		295D2EF8264A7787002FB344 /* Animator */ = {
			isa = PBXGroup;
			children = (
				295D2F00264A7795002FB344 /* BottomAlertViewController.h */,
				295D2EFE264A7795002FB344 /* BottomAlertViewController.m */,
				295D2EFC264A7794002FB344 /* CenterAlertViewController.h */,
				295D2EFD264A7794002FB344 /* CenterAlertViewController.m */,
				295D2EFF264A7795002FB344 /* PresentingPushAnimator.h */,
				295D2EF9264A7794002FB344 /* PresentingPushAnimator.m */,
				295D2EFA264A7794002FB344 /* ToPresentingViewController.h */,
				295D2EFB264A7794002FB344 /* ToPresentingViewController.m */,
			);
			path = Animator;
			sourceTree = "<group>";
		};
		295D2F1A264A78BB002FB344 /* Controller */ = {
			isa = PBXGroup;
			children = (
				295D2F2C264A7CA0002FB344 /* Discover */,
				295D2F1C264A78E5002FB344 /* My */,
				295D2F1B264A78DC002FB344 /* Home */,
			);
			path = Controller;
			sourceTree = "<group>";
		};
		295D2F1B264A78DC002FB344 /* Home */ = {
			isa = PBXGroup;
			children = (
				295D2F1D264A78F3002FB344 /* Controller */,
			);
			path = Home;
			sourceTree = "<group>";
		};
		295D2F1C264A78E5002FB344 /* My */ = {
			isa = PBXGroup;
			children = (
				295D2F1E264A78FD002FB344 /* Controller */,
			);
			path = My;
			sourceTree = "<group>";
		};
		295D2F1D264A78F3002FB344 /* Controller */ = {
			isa = PBXGroup;
			children = (
				295D2F23264A7BC7002FB344 /* HomeViewController.h */,
				295D2F24264A7BC7002FB344 /* HomeViewController.m */,
			);
			path = Controller;
			sourceTree = "<group>";
		};
		295D2F1E264A78FD002FB344 /* Controller */ = {
			isa = PBXGroup;
			children = (
				295D2F26264A7BD9002FB344 /* MyViewController.h */,
				295D2F27264A7BD9002FB344 /* MyViewController.m */,
			);
			path = Controller;
			sourceTree = "<group>";
		};
		295D2F1F264A7A7A002FB344 /* Category */ = {
			isa = PBXGroup;
			children = (
				295D2F2A264A7C38002FB344 /* UIView+ZTCAAnimation.h */,
				295D2F29264A7C38002FB344 /* UIView+ZTCAAnimation.m */,
				295D2F35264A7DFB002FB344 /* UIImage+ImageWithColor.h */,
				295D2F34264A7DFB002FB344 /* UIImage+ImageWithColor.m */,
				295D2F20264A7A8E002FB344 /* UIButton+EdgeInsets.h */,
				295D2F21264A7A8E002FB344 /* UIButton+EdgeInsets.m */,
				295D2F32264A7D99002FB344 /* UIColor+RP.h */,
				295D2F31264A7D99002FB344 /* UIColor+RP.m */,
			);
			path = Category;
			sourceTree = "<group>";
		};
		295D2F2C264A7CA0002FB344 /* Discover */ = {
			isa = PBXGroup;
			children = (
				295D2F2D264A7CAE002FB344 /* Controller */,
			);
			path = Discover;
			sourceTree = "<group>";
		};
		295D2F2D264A7CAE002FB344 /* Controller */ = {
			isa = PBXGroup;
			children = (
				295D2F2E264A7CBF002FB344 /* DiscoverViewController.h */,
				295D2F2F264A7CBF002FB344 /* DiscoverViewController.m */,
			);
			path = Controller;
			sourceTree = "<group>";
		};
		D610A10D083BB79D82687FE7 /* Pods */ = {
			isa = PBXGroup;
			children = (
				862031BAB2F728EF6AF54099 /* Pods-auson.debug.xcconfig */,
				EEE3E6F16D1FFE40D5C43273 /* Pods-auson.release.xcconfig */,
			);
			path = Pods;
			sourceTree = "<group>";
		};
		F239994017D603845BE40757 /* Frameworks */ = {
			isa = PBXGroup;
			children = (
				C8466C74F84F2BC38E985649 /* libPods-auson.a */,
			);
			name = Frameworks;
			sourceTree = "<group>";
		};
/* End PBXGroup section */

/* Begin PBXNativeTarget section */
		292E1E022648D3380005C366 /* auson */ = {
			isa = PBXNativeTarget;
			buildConfigurationList = 292E1E1C2648D3390005C366 /* Build configuration list for PBXNativeTarget "auson" */;
			buildPhases = (
				41AFF18A29A53D0F8A78858F /* [CP] Check Pods Manifest.lock */,
				292E1DFF2648D3380005C366 /* Sources */,
				292E1E002648D3380005C366 /* Frameworks */,
				292E1E012648D3380005C366 /* Resources */,
				369F1C334E2537B0C1D7BB75 /* [CP] Copy Pods Resources */,
			);
			buildRules = (
			);
			dependencies = (
			);
			name = auson;
			productName = auson;
			productReference = 292E1E032648D3380005C366 /* auson.app */;
			productType = "com.apple.product-type.application";
		};
/* End PBXNativeTarget section */

/* Begin PBXProject section */
		292E1DFB2648D3380005C366 /* Project object */ = {
			isa = PBXProject;
			attributes = {
				LastUpgradeCheck = 1250;
				TargetAttributes = {
					292E1E022648D3380005C366 = {
						CreatedOnToolsVersion = 12.5;
					};
				};
			};
			buildConfigurationList = 292E1DFE2648D3380005C366 /* Build configuration list for PBXProject "auson" */;
			compatibilityVersion = "Xcode 9.3";
			developmentRegion = en;
			hasScannedForEncodings = 0;
			knownRegions = (
				en,
				Base,
			);
			mainGroup = 292E1DFA2648D3380005C366;
			productRefGroup = 292E1E042648D3380005C366 /* Products */;
			projectDirPath = "";
			projectRoot = "";
			targets = (
				292E1E022648D3380005C366 /* auson */,
			);
		};
/* End PBXProject section */

/* Begin PBXResourcesBuildPhase section */
		292E1E012648D3380005C366 /* Resources */ = {
			isa = PBXResourcesBuildPhase;
			buildActionMask = 2147483647;
			files = (
				292E1E162648D3390005C366 /* LaunchScreen.storyboard in Resources */,
				292E1E132648D3390005C366 /* Assets.xcassets in Resources */,
			);
			runOnlyForDeploymentPostprocessing = 0;
		};
/* End PBXResourcesBuildPhase section */

/* Begin PBXShellScriptBuildPhase section */
		369F1C334E2537B0C1D7BB75 /* [CP] Copy Pods Resources */ = {
			isa = PBXShellScriptBuildPhase;
			buildActionMask = 2147483647;
			files = (
			);
			inputFileListPaths = (
				"${PODS_ROOT}/Target Support Files/Pods-auson/Pods-auson-resources-${CONFIGURATION}-input-files.xcfilelist",
			);
			name = "[CP] Copy Pods Resources";
			outputFileListPaths = (
				"${PODS_ROOT}/Target Support Files/Pods-auson/Pods-auson-resources-${CONFIGURATION}-output-files.xcfilelist",
			);
			runOnlyForDeploymentPostprocessing = 0;
			shellPath = /bin/sh;
			shellScript = "\"${PODS_ROOT}/Target Support Files/Pods-auson/Pods-auson-resources.sh\"\n";
			showEnvVarsInLog = 0;
		};
		41AFF18A29A53D0F8A78858F /* [CP] Check Pods Manifest.lock */ = {
			isa = PBXShellScriptBuildPhase;
			buildActionMask = 2147483647;
			files = (
			);
			inputFileListPaths = (
			);
			inputPaths = (
				"${PODS_PODFILE_DIR_PATH}/Podfile.lock",
				"${PODS_ROOT}/Manifest.lock",
			);
			name = "[CP] Check Pods Manifest.lock";
			outputFileListPaths = (
			);
			outputPaths = (
				"$(DERIVED_FILE_DIR)/Pods-auson-checkManifestLockResult.txt",
			);
			runOnlyForDeploymentPostprocessing = 0;
			shellPath = /bin/sh;
			shellScript = "diff \"${PODS_PODFILE_DIR_PATH}/Podfile.lock\" \"${PODS_ROOT}/Manifest.lock\" > /dev/null\nif [ $? != 0 ] ; then\n    # print error to STDERR\n    echo \"error: The sandbox is not in sync with the Podfile.lock. Run 'pod install' or update your CocoaPods installation.\" >&2\n    exit 1\nfi\n# This output is used by Xcode 'outputs' to avoid re-running this script phase.\necho \"SUCCESS\" > \"${SCRIPT_OUTPUT_FILE_0}\"\n";
			showEnvVarsInLog = 0;
		};
/* End PBXShellScriptBuildPhase section */

/* Begin PBXSourcesBuildPhase section */
		292E1DFF2648D3380005C366 /* Sources */ = {
			isa = PBXSourcesBuildPhase;
			buildActionMask = 2147483647;
			files = (
				295D2F36264A7DFB002FB344 /* UIImage+ImageWithColor.m in Sources */,
				295D2F02264A7795002FB344 /* ToPresentingViewController.m in Sources */,
				295D2EEB264A66C2002FB344 /* ZTNetworking.m in Sources */,
				295D2F30264A7CBF002FB344 /* DiscoverViewController.m in Sources */,
				295D2F04264A7795002FB344 /* BottomAlertViewController.m in Sources */,
				295D2F2B264A7C38002FB344 /* UIView+ZTCAAnimation.m in Sources */,
				295D2F25264A7BC7002FB344 /* HomeViewController.m in Sources */,
				295D2F0D264A7869002FB344 /* BaseCollectionReusableView.m in Sources */,
				295D2F28264A7BD9002FB344 /* MyViewController.m in Sources */,
				292E1E082648D3380005C366 /* AppDelegate.m in Sources */,
				292E1E192648D3390005C366 /* main.m in Sources */,
				295D2F15264A787A002FB344 /* BaseViewController.m in Sources */,
				292E1E0B2648D3380005C366 /* SceneDelegate.m in Sources */,
				295D2F01264A7795002FB344 /* PresentingPushAnimator.m in Sources */,
				295D2EEE264A6911002FB344 /* ZTUtil.m in Sources */,
				295D2F19264A7889002FB344 /* MainTabBarController.m in Sources */,
				295D2F0C264A7869002FB344 /* BaseCollectionViewCell.m in Sources */,
				295D2F33264A7D9A002FB344 /* UIColor+RP.m in Sources */,
				295D2EF4264A74F0002FB344 /* MBProgressHUD+GTStyle.m in Sources */,
				295D2F14264A787A002FB344 /* BaseTableViewCell.m in Sources */,
				295D2F22264A7A8E002FB344 /* UIButton+EdgeInsets.m in Sources */,
				295D2EF1264A69C7002FB344 /* ZTUserTool.m in Sources */,
				295D2F0B264A7868002FB344 /* BaseNavViewController.m in Sources */,
				295D2F03264A7795002FB344 /* CenterAlertViewController.m in Sources */,
			);
			runOnlyForDeploymentPostprocessing = 0;
		};
/* End PBXSourcesBuildPhase section */

/* Begin PBXVariantGroup section */
		292E1E142648D3390005C366 /* LaunchScreen.storyboard */ = {
			isa = PBXVariantGroup;
			children = (
				292E1E152648D3390005C366 /* Base */,
			);
			name = LaunchScreen.storyboard;
			sourceTree = "<group>";
		};
/* End PBXVariantGroup section */

/* Begin XCBuildConfiguration section */
		292E1E1A2648D3390005C366 /* Debug */ = {
			isa = XCBuildConfiguration;
			buildSettings = {
				ALWAYS_SEARCH_USER_PATHS = NO;
				CLANG_ANALYZER_NONNULL = YES;
				CLANG_ANALYZER_NUMBER_OBJECT_CONVERSION = YES_AGGRESSIVE;
				CLANG_CXX_LANGUAGE_STANDARD = "gnu++14";
				CLANG_CXX_LIBRARY = "libc++";
				CLANG_ENABLE_MODULES = YES;
				CLANG_ENABLE_OBJC_ARC = YES;
				CLANG_ENABLE_OBJC_WEAK = YES;
				CLANG_WARN_BLOCK_CAPTURE_AUTORELEASING = YES;
				CLANG_WARN_BOOL_CONVERSION = YES;
				CLANG_WARN_COMMA = YES;
				CLANG_WARN_CONSTANT_CONVERSION = YES;
				CLANG_WARN_DEPRECATED_OBJC_IMPLEMENTATIONS = YES;
				CLANG_WARN_DIRECT_OBJC_ISA_USAGE = YES_ERROR;
				CLANG_WARN_DOCUMENTATION_COMMENTS = YES;
				CLANG_WARN_EMPTY_BODY = YES;
				CLANG_WARN_ENUM_CONVERSION = YES;
				CLANG_WARN_INFINITE_RECURSION = YES;
				CLANG_WARN_INT_CONVERSION = YES;
				CLANG_WARN_NON_LITERAL_NULL_CONVERSION = YES;
				CLANG_WARN_OBJC_IMPLICIT_RETAIN_SELF = YES;
				CLANG_WARN_OBJC_LITERAL_CONVERSION = YES;
				CLANG_WARN_OBJC_ROOT_CLASS = YES_ERROR;
				CLANG_WARN_QUOTED_INCLUDE_IN_FRAMEWORK_HEADER = YES;
				CLANG_WARN_RANGE_LOOP_ANALYSIS = YES;
				CLANG_WARN_STRICT_PROTOTYPES = YES;
				CLANG_WARN_SUSPICIOUS_MOVE = YES;
				CLANG_WARN_UNGUARDED_AVAILABILITY = YES_AGGRESSIVE;
				CLANG_WARN_UNREACHABLE_CODE = YES;
				CLANG_WARN__DUPLICATE_METHOD_MATCH = YES;
				COPY_PHASE_STRIP = NO;
				DEBUG_INFORMATION_FORMAT = dwarf;
				ENABLE_STRICT_OBJC_MSGSEND = YES;
				ENABLE_TESTABILITY = YES;
				GCC_C_LANGUAGE_STANDARD = gnu11;
				GCC_DYNAMIC_NO_PIC = NO;
				GCC_NO_COMMON_BLOCKS = YES;
				GCC_OPTIMIZATION_LEVEL = 0;
				GCC_PREPROCESSOR_DEFINITIONS = (
					"DEBUG=1",
					"$(inherited)",
				);
				GCC_WARN_64_TO_32_BIT_CONVERSION = YES;
				GCC_WARN_ABOUT_RETURN_TYPE = YES_ERROR;
				GCC_WARN_UNDECLARED_SELECTOR = YES;
				GCC_WARN_UNINITIALIZED_AUTOS = YES_AGGRESSIVE;
				GCC_WARN_UNUSED_FUNCTION = YES;
				GCC_WARN_UNUSED_VARIABLE = YES;
				IPHONEOS_DEPLOYMENT_TARGET = 13.0;
				MTL_ENABLE_DEBUG_INFO = INCLUDE_SOURCE;
				MTL_FAST_MATH = YES;
				ONLY_ACTIVE_ARCH = YES;
				SDKROOT = iphoneos;
			};
			name = Debug;
		};
		292E1E1B2648D3390005C366 /* Release */ = {
			isa = XCBuildConfiguration;
			buildSettings = {
				ALWAYS_SEARCH_USER_PATHS = NO;
				CLANG_ANALYZER_NONNULL = YES;
				CLANG_ANALYZER_NUMBER_OBJECT_CONVERSION = YES_AGGRESSIVE;
				CLANG_CXX_LANGUAGE_STANDARD = "gnu++14";
				CLANG_CXX_LIBRARY = "libc++";
				CLANG_ENABLE_MODULES = YES;
				CLANG_ENABLE_OBJC_ARC = YES;
				CLANG_ENABLE_OBJC_WEAK = YES;
				CLANG_WARN_BLOCK_CAPTURE_AUTORELEASING = YES;
				CLANG_WARN_BOOL_CONVERSION = YES;
				CLANG_WARN_COMMA = YES;
				CLANG_WARN_CONSTANT_CONVERSION = YES;
				CLANG_WARN_DEPRECATED_OBJC_IMPLEMENTATIONS = YES;
				CLANG_WARN_DIRECT_OBJC_ISA_USAGE = YES_ERROR;
				CLANG_WARN_DOCUMENTATION_COMMENTS = YES;
				CLANG_WARN_EMPTY_BODY = YES;
				CLANG_WARN_ENUM_CONVERSION = YES;
				CLANG_WARN_INFINITE_RECURSION = YES;
				CLANG_WARN_INT_CONVERSION = YES;
				CLANG_WARN_NON_LITERAL_NULL_CONVERSION = YES;
				CLANG_WARN_OBJC_IMPLICIT_RETAIN_SELF = YES;
				CLANG_WARN_OBJC_LITERAL_CONVERSION = YES;
				CLANG_WARN_OBJC_ROOT_CLASS = YES_ERROR;
				CLANG_WARN_QUOTED_INCLUDE_IN_FRAMEWORK_HEADER = YES;
				CLANG_WARN_RANGE_LOOP_ANALYSIS = YES;
				CLANG_WARN_STRICT_PROTOTYPES = YES;
				CLANG_WARN_SUSPICIOUS_MOVE = YES;
				CLANG_WARN_UNGUARDED_AVAILABILITY = YES_AGGRESSIVE;
				CLANG_WARN_UNREACHABLE_CODE = YES;
				CLANG_WARN__DUPLICATE_METHOD_MATCH = YES;
				COPY_PHASE_STRIP = NO;
				DEBUG_INFORMATION_FORMAT = "dwarf-with-dsym";
				ENABLE_NS_ASSERTIONS = NO;
				ENABLE_STRICT_OBJC_MSGSEND = YES;
				GCC_C_LANGUAGE_STANDARD = gnu11;
				GCC_NO_COMMON_BLOCKS = YES;
				GCC_WARN_64_TO_32_BIT_CONVERSION = YES;
				GCC_WARN_ABOUT_RETURN_TYPE = YES_ERROR;
				GCC_WARN_UNDECLARED_SELECTOR = YES;
				GCC_WARN_UNINITIALIZED_AUTOS = YES_AGGRESSIVE;
				GCC_WARN_UNUSED_FUNCTION = YES;
				GCC_WARN_UNUSED_VARIABLE = YES;
				IPHONEOS_DEPLOYMENT_TARGET = 13.0;
				MTL_ENABLE_DEBUG_INFO = NO;
				MTL_FAST_MATH = YES;
				SDKROOT = iphoneos;
				VALIDATE_PRODUCT = YES;
			};
			name = Release;
		};
		292E1E1D2648D3390005C366 /* Debug */ = {
			isa = XCBuildConfiguration;
			baseConfigurationReference = 862031BAB2F728EF6AF54099 /* Pods-auson.debug.xcconfig */;
			buildSettings = {
				ASSETCATALOG_COMPILER_APPICON_NAME = AppIcon;
				ASSETCATALOG_COMPILER_GLOBAL_ACCENT_COLOR_NAME = AccentColor;
				CODE_SIGN_STYLE = Automatic;
				GCC_PRECOMPILE_PREFIX_HEADER = NO;
				GCC_PREFIX_HEADER = "auson/auson-Prefix.pch";
				INFOPLIST_FILE = auson/Info.plist;
				LD_RUNPATH_SEARCH_PATHS = (
					"$(inherited)",
					"@executable_path/Frameworks",
				);
				PRODUCT_BUNDLE_IDENTIFIER = com.wangyx.auson;
				PRODUCT_NAME = "$(TARGET_NAME)";
				TARGETED_DEVICE_FAMILY = "1,2";
			};
			name = Debug;
		};
		292E1E1E2648D3390005C366 /* Release */ = {
			isa = XCBuildConfiguration;
			baseConfigurationReference = EEE3E6F16D1FFE40D5C43273 /* Pods-auson.release.xcconfig */;
			buildSettings = {
				ASSETCATALOG_COMPILER_APPICON_NAME = AppIcon;
				ASSETCATALOG_COMPILER_GLOBAL_ACCENT_COLOR_NAME = AccentColor;
				CODE_SIGN_STYLE = Automatic;
				GCC_PRECOMPILE_PREFIX_HEADER = NO;
				GCC_PREFIX_HEADER = "auson/auson-Prefix.pch";
				INFOPLIST_FILE = auson/Info.plist;
				LD_RUNPATH_SEARCH_PATHS = (
					"$(inherited)",
					"@executable_path/Frameworks",
				);
				PRODUCT_BUNDLE_IDENTIFIER = com.wangyx.auson;
				PRODUCT_NAME = "$(TARGET_NAME)";
				TARGETED_DEVICE_FAMILY = "1,2";
			};
			name = Release;
		};
/* End XCBuildConfiguration section */

/* Begin XCConfigurationList section */
		292E1DFE2648D3380005C366 /* Build configuration list for PBXProject "auson" */ = {
			isa = XCConfigurationList;
			buildConfigurations = (
				292E1E1A2648D3390005C366 /* Debug */,
				292E1E1B2648D3390005C366 /* Release */,
			);
			defaultConfigurationIsVisible = 0;
			defaultConfigurationName = Release;
		};
		292E1E1C2648D3390005C366 /* Build configuration list for PBXNativeTarget "auson" */ = {
			isa = XCConfigurationList;
			buildConfigurations = (
				292E1E1D2648D3390005C366 /* Debug */,
				292E1E1E2648D3390005C366 /* Release */,
			);
			defaultConfigurationIsVisible = 0;
			defaultConfigurationName = Release;
		};
/* End XCConfigurationList section */
	};
	rootObject = 292E1DFB2648D3380005C366 /* Project object */;
}
